
Microsoft Visual Studio Solution File, Format Version 12.00
# Visual Studio 15
VisualStudioVersion = 15.0.27428.2015
MinimumVisualStudioVersion = 10.0.40219.1
Project("{FAE04EC0-301F-11D3-BF4B-00C04F79EFBC}") = "WebJob", "WebJob\WebJob.csproj", "{8E984736-78DF-48D8-924B-381511BD5F83}"
EndProject
Global
	GlobalSection(SolutionConfigurationPlatforms) = preSolution
		Debug|Any CPU = Debug|Any CPU
		Release|Any CPU = Release|Any CPU
	EndGlobalSection
	GlobalSection(ProjectConfigurationPlatforms) = postSolution
		{8E984736-78DF-48D8-924B-381511BD5F83}.Debug|Any CPU.ActiveCfg = Debug|Any CPU
		{8E984736-78DF-48D8-924B-381511BD5F83}.Debug|Any CPU.Build.0 = Debug|Any CPU
		{8E984736-78DF-48D8-924B-381511BD5F83}.Release|Any CPU.ActiveCfg = Release|Any CPU
		{8E984736-78DF-48D8-924B-381511BD5F83}.Release|Any CPU.Build.0 = Release|Any CPU
	EndGlobalSection
	GlobalSection(SolutionProperties) = preSolution
		HideSolutionNode = FALSE
	EndGlobalSection
	GlobalSection(ExtensibilityGlobals) = postSolution
		SolutionGuid = {CC193726-3A31-4528-BF5A-D235A169BD42}
	EndGlobalSection
EndGlobal
